
Microsoft Visual Studio Solution File, Format Version 12.00
# Visual Studio 15
VisualStudioVersion = 15.0.27130.2003
MinimumVisualStudioVersion = 10.0.40219.1
Project("{9A19103F-16F7-4668-BE54-9A1E7A4F7556}") = "FiiiChain.Framework", "FiiiChain.Framework\FiiiChain.Framework.csproj", "{E855EDB9-F80C-4C85-9164-C588823DADE1}"
EndProject
Project("{9A19103F-16F7-4668-BE54-9A1E7A4F7556}") = "FiiiChain.Data", "FiiiChain.Data\FiiiChain.Data.csproj", "{0163A58A-4E5F-4BA5-83D1-A0253424AED6}"
EndProject
Project("{9A19103F-16F7-4668-BE54-9A1E7A4F7556}") = "FiiiChain.Entities", "FiiiChain.Entities\FiiiChain.Entities.csproj", "{5816A757-2DFD-48EF-80A8-88424B2EADCA}"
EndProject
Project("{2150E333-8FDC-42A3-9474-1A3956D46DE8}") = "Shared", "Shared", "{34BDD94A-24BC-4E08-8509-5D6657F4CDEA}"
EndProject
Project("{2150E333-8FDC-42A3-9474-1A3956D46DE8}") = "Data", "Data", "{F71D5CCC-6811-43A9-8C92-245C7ACBFD3F}"
EndProject
Project("{2150E333-8FDC-42A3-9474-1A3956D46DE8}") = "Business", "Business", "{E16D79AA-6B93-4634-90E6-3A445E6D2009}"
EndProject
Project("{2150E333-8FDC-42A3-9474-1A3956D46DE8}") = "Services", "Services", "{F69469CF-1532-4491-A797-E560166909EB}"
EndProject
Project("{2150E333-8FDC-42A3-9474-1A3956D46DE8}") = "Presentation", "Presentation", "{0E23F4E6-C4E6-44C6-9E5A-D1E0AE07FCFF}"
EndProject
Project("{9A19103F-16F7-4668-BE54-9A1E7A4F7556}") = "FiiiChain.DataAgent", "FiiiChain.DataAgent\FiiiChain.DataAgent.csproj", "{B299216D-39D5-41D8-A009-E39918748A94}"
EndProject
Project("{9A19103F-16F7-4668-BE54-9A1E7A4F7556}") = "FiiiChain.Business", "FiiiChain.Business\FiiiChain.Business.csproj", "{B66BC686-386B-4C97-9070-402151E4414A}"
EndProject
Project("{9A19103F-16F7-4668-BE54-9A1E7A4F7556}") = "FiiiChain.Consensus", "FiiiChain.Consensus\FiiiChain.Consensus.csproj", "{C26C1234-5C33-41A8-91CB-1FF223BD3B03}"
EndProject
Project("{9A19103F-16F7-4668-BE54-9A1E7A4F7556}") = "FiiiChain.Messages", "FiiiChain.Messages\FiiiChain.Messages.csproj", "{0964DA15-D947-427D-AB07-4A63B8D9F527}"
EndProject
Project("{9A19103F-16F7-4668-BE54-9A1E7A4F7556}") = "FiiiChain.Node", "FiiiChain.Node\FiiiChain.Node.csproj", "{CA4F351F-D8D6-4F8A-8FAA-9A0AD643B1AE}"
EndProject
Project("{9A19103F-16F7-4668-BE54-9A1E7A4F7556}") = "FiiiChain.Wallet.API", "FiiiChain.Wallet.API\FiiiChain.Wallet.API.csproj", "{56D87D0E-99D6-4437-BE2A-492F2D624D86}"
EndProject
Project("{9A19103F-16F7-4668-BE54-9A1E7A4F7556}") = "FiiiChain.Tracker", "FiiiChain.Tracker\FiiiChain.Tracker.csproj", "{11D92E82-A256-4656-A640-D719EEA23ACE}"
EndProject
Project("{9A19103F-16F7-4668-BE54-9A1E7A4F7556}") = "FiiiChain.DTO", "FiiiChain.DTO\FiiiChain.DTO.csproj", "{DF96D5A4-C007-4C11-B1E1-43D36AFA4622}"
EndProject
Project("{9A19103F-16F7-4668-BE54-9A1E7A4F7556}") = "FiiiChain.PoolMessages", "FiiiChain.PoolMessages\FiiiChain.PoolMessages.csproj", "{167D2A1A-F499-4074-AD0F-B30D9B70C55A}"
EndProject
Project("{2150E333-8FDC-42A3-9474-1A3956D46DE8}") = "NewMiningPool", "NewMiningPool", "{950B5B4F-1658-45B0-B73E-75A64976CB39}"
EndProject
Project("{2150E333-8FDC-42A3-9474-1A3956D46DE8}") = "Shared", "Shared", "{6FB26F88-AD6D-49D5-9FDE-49B017AA7ADA}"
EndProject
Project("{9A19103F-16F7-4668-BE54-9A1E7A4F7556}") = "FiiiChain.ShareModels", "FiiiChain.ShareModels\FiiiChain.ShareModels.csproj", "{704AB1C2-44DA-4B0C-B96D-1F1A01487A47}"
EndProject
Project("{9A19103F-16F7-4668-BE54-9A1E7A4F7556}") = "FiiiChain.IModules", "FiiiChain.IModules\FiiiChain.IModules.csproj", "{CAFD94F0-4466-4EBC-B79D-74FACC4EA654}"
EndProject
Project("{9A19103F-16F7-4668-BE54-9A1E7A4F7556}") = "FiiiChain.TempData", "FiiiChain.TempData\FiiiChain.TempData.csproj", "{382512B0-8CD7-49E4-9130-04098178AFA1}"
EndProject
Project("{9A19103F-16F7-4668-BE54-9A1E7A4F7556}") = "FiiiChain.RabbitMQ", "FiiiChain.RabbitMQ\FiiiChain.RabbitMQ.csproj", "{FF0A8B2D-E6DF-4CE3-A688-76B9F360F980}"
EndProject
Global
	GlobalSection(SolutionConfigurationPlatforms) = preSolution
		Debug|Any CPU = Debug|Any CPU
		Pro|Any CPU = Pro|Any CPU
		Release|Any CPU = Release|Any CPU
	EndGlobalSection
	GlobalSection(ProjectConfigurationPlatforms) = postSolution
		{E855EDB9-F80C-4C85-9164-C588823DADE1}.Debug|Any CPU.ActiveCfg = Debug|Any CPU
		{E855EDB9-F80C-4C85-9164-C588823DADE1}.Debug|Any CPU.Build.0 = Debug|Any CPU
		{E855EDB9-F80C-4C85-9164-C588823DADE1}.Pro|Any CPU.ActiveCfg = Pro|Any CPU
		{E855EDB9-F80C-4C85-9164-C588823DADE1}.Pro|Any CPU.Build.0 = Pro|Any CPU
		{E855EDB9-F80C-4C85-9164-C588823DADE1}.Release|Any CPU.ActiveCfg = Release|Any CPU
		{E855EDB9-F80C-4C85-9164-C588823DADE1}.Release|Any CPU.Build.0 = Release|Any CPU
		{0163A58A-4E5F-4BA5-83D1-A0253424AED6}.Debug|Any CPU.ActiveCfg = Debug|Any CPU
		{0163A58A-4E5F-4BA5-83D1-A0253424AED6}.Debug|Any CPU.Build.0 = Debug|Any CPU
		{0163A58A-4E5F-4BA5-83D1-A0253424AED6}.Pro|Any CPU.ActiveCfg = Pro|Any CPU
		{0163A58A-4E5F-4BA5-83D1-A0253424AED6}.Pro|Any CPU.Build.0 = Pro|Any CPU
		{0163A58A-4E5F-4BA5-83D1-A0253424AED6}.Release|Any CPU.ActiveCfg = Release|Any CPU
		{0163A58A-4E5F-4BA5-83D1-A0253424AED6}.Release|Any CPU.Build.0 = Release|Any CPU
		{5816A757-2DFD-48EF-80A8-88424B2EADCA}.Debug|Any CPU.ActiveCfg = Debug|Any CPU
		{5816A757-2DFD-48EF-80A8-88424B2EADCA}.Debug|Any CPU.Build.0 = Debug|Any CPU
		{5816A757-2DFD-48EF-80A8-88424B2EADCA}.Pro|Any CPU.ActiveCfg = Pro|Any CPU
		{5816A757-2DFD-48EF-80A8-88424B2EADCA}.Pro|Any CPU.Build.0 = Pro|Any CPU
		{5816A757-2DFD-48EF-80A8-88424B2EADCA}.Release|Any CPU.ActiveCfg = Release|Any CPU
		{5816A757-2DFD-48EF-80A8-88424B2EADCA}.Release|Any CPU.Build.0 = Release|Any CPU
		{B299216D-39D5-41D8-A009-E39918748A94}.Debug|Any CPU.ActiveCfg = Debug|Any CPU
		{B299216D-39D5-41D8-A009-E39918748A94}.Debug|Any CPU.Build.0 = Debug|Any CPU
		{B299216D-39D5-41D8-A009-E39918748A94}.Pro|Any CPU.ActiveCfg = Pro|Any CPU
		{B299216D-39D5-41D8-A009-E39918748A94}.Pro|Any CPU.Build.0 = Pro|Any CPU
		{B299216D-39D5-41D8-A009-E39918748A94}.Release|Any CPU.ActiveCfg = Release|Any CPU
		{B299216D-39D5-41D8-A009-E39918748A94}.Release|Any CPU.Build.0 = Release|Any CPU
		{B66BC686-386B-4C97-9070-402151E4414A}.Debug|Any CPU.ActiveCfg = Debug|Any CPU
		{B66BC686-386B-4C97-9070-402151E4414A}.Debug|Any CPU.Build.0 = Debug|Any CPU
		{B66BC686-386B-4C97-9070-402151E4414A}.Pro|Any CPU.ActiveCfg = Pro|Any CPU
		{B66BC686-386B-4C97-9070-402151E4414A}.Pro|Any CPU.Build.0 = Pro|Any CPU
		{B66BC686-386B-4C97-9070-402151E4414A}.Release|Any CPU.ActiveCfg = Release|Any CPU
		{B66BC686-386B-4C97-9070-402151E4414A}.Release|Any CPU.Build.0 = Release|Any CPU
		{C26C1234-5C33-41A8-91CB-1FF223BD3B03}.Debug|Any CPU.ActiveCfg = Debug|Any CPU
		{C26C1234-5C33-41A8-91CB-1FF223BD3B03}.Debug|Any CPU.Build.0 = Debug|Any CPU
		{C26C1234-5C33-41A8-91CB-1FF223BD3B03}.Pro|Any CPU.ActiveCfg = Pro|Any CPU
		{C26C1234-5C33-41A8-91CB-1FF223BD3B03}.Pro|Any CPU.Build.0 = Pro|Any CPU
		{C26C1234-5C33-41A8-91CB-1FF223BD3B03}.Release|Any CPU.ActiveCfg = Release|Any CPU
		{C26C1234-5C33-41A8-91CB-1FF223BD3B03}.Release|Any CPU.Build.0 = Release|Any CPU
		{0964DA15-D947-427D-AB07-4A63B8D9F527}.Debug|Any CPU.ActiveCfg = Debug|Any CPU
		{0964DA15-D947-427D-AB07-4A63B8D9F527}.Debug|Any CPU.Build.0 = Debug|Any CPU
		{0964DA15-D947-427D-AB07-4A63B8D9F527}.Pro|Any CPU.ActiveCfg = Pro|Any CPU
		{0964DA15-D947-427D-AB07-4A63B8D9F527}.Pro|Any CPU.Build.0 = Pro|Any CPU
		{0964DA15-D947-427D-AB07-4A63B8D9F527}.Release|Any CPU.ActiveCfg = Release|Any CPU
		{0964DA15-D947-427D-AB07-4A63B8D9F527}.Release|Any CPU.Build.0 = Release|Any CPU
		{CA4F351F-D8D6-4F8A-8FAA-9A0AD643B1AE}.Debug|Any CPU.ActiveCfg = Debug|Any CPU
		{CA4F351F-D8D6-4F8A-8FAA-9A0AD643B1AE}.Debug|Any CPU.Build.0 = Debug|Any CPU
		{CA4F351F-D8D6-4F8A-8FAA-9A0AD643B1AE}.Pro|Any CPU.ActiveCfg = Pro|Any CPU
		{CA4F351F-D8D6-4F8A-8FAA-9A0AD643B1AE}.Pro|Any CPU.Build.0 = Pro|Any CPU
		{CA4F351F-D8D6-4F8A-8FAA-9A0AD643B1AE}.Release|Any CPU.ActiveCfg = Release|Any CPU
		{CA4F351F-D8D6-4F8A-8FAA-9A0AD643B1AE}.Release|Any CPU.Build.0 = Release|Any CPU
		{56D87D0E-99D6-4437-BE2A-492F2D624D86}.Debug|Any CPU.ActiveCfg = Debug|Any CPU
		{56D87D0E-99D6-4437-BE2A-492F2D624D86}.Debug|Any CPU.Build.0 = Debug|Any CPU
		{56D87D0E-99D6-4437-BE2A-492F2D624D86}.Pro|Any CPU.ActiveCfg = Pro|Any CPU
		{56D87D0E-99D6-4437-BE2A-492F2D624D86}.Pro|Any CPU.Build.0 = Pro|Any CPU
		{56D87D0E-99D6-4437-BE2A-492F2D624D86}.Release|Any CPU.ActiveCfg = Release|Any CPU
		{56D87D0E-99D6-4437-BE2A-492F2D624D86}.Release|Any CPU.Build.0 = Release|Any CPU
		{11D92E82-A256-4656-A640-D719EEA23ACE}.Debug|Any CPU.ActiveCfg = Debug|Any CPU
		{11D92E82-A256-4656-A640-D719EEA23ACE}.Debug|Any CPU.Build.0 = Debug|Any CPU
		{11D92E82-A256-4656-A640-D719EEA23ACE}.Pro|Any CPU.ActiveCfg = Pro|Any CPU
		{11D92E82-A256-4656-A640-D719EEA23ACE}.Pro|Any CPU.Build.0 = Pro|Any CPU
		{11D92E82-A256-4656-A640-D719EEA23ACE}.Release|Any CPU.ActiveCfg = Release|Any CPU
		{11D92E82-A256-4656-A640-D719EEA23ACE}.Release|Any CPU.Build.0 = Release|Any CPU
		{DF96D5A4-C007-4C11-B1E1-43D36AFA4622}.Debug|Any CPU.ActiveCfg = Debug|Any CPU
		{DF96D5A4-C007-4C11-B1E1-43D36AFA4622}.Debug|Any CPU.Build.0 = Debug|Any CPU
		{DF96D5A4-C007-4C11-B1E1-43D36AFA4622}.Pro|Any CPU.ActiveCfg = Pro|Any CPU
		{DF96D5A4-C007-4C11-B1E1-43D36AFA4622}.Pro|Any CPU.Build.0 = Pro|Any CPU
		{DF96D5A4-C007-4C11-B1E1-43D36AFA4622}.Release|Any CPU.ActiveCfg = Release|Any CPU
		{DF96D5A4-C007-4C11-B1E1-43D36AFA4622}.Release|Any CPU.Build.0 = Release|Any CPU
		{167D2A1A-F499-4074-AD0F-B30D9B70C55A}.Debug|Any CPU.ActiveCfg = Debug|Any CPU
		{167D2A1A-F499-4074-AD0F-B30D9B70C55A}.Debug|Any CPU.Build.0 = Debug|Any CPU
		{167D2A1A-F499-4074-AD0F-B30D9B70C55A}.Pro|Any CPU.ActiveCfg = Debug|Any CPU
		{167D2A1A-F499-4074-AD0F-B30D9B70C55A}.Pro|Any CPU.Build.0 = Debug|Any CPU
		{167D2A1A-F499-4074-AD0F-B30D9B70C55A}.Release|Any CPU.ActiveCfg = Release|Any CPU
		{167D2A1A-F499-4074-AD0F-B30D9B70C55A}.Release|Any CPU.Build.0 = Release|Any CPU
		{704AB1C2-44DA-4B0C-B96D-1F1A01487A47}.Debug|Any CPU.ActiveCfg = Debug|Any CPU
		{704AB1C2-44DA-4B0C-B96D-1F1A01487A47}.Debug|Any CPU.Build.0 = Debug|Any CPU
		{704AB1C2-44DA-4B0C-B96D-1F1A01487A47}.Pro|Any CPU.ActiveCfg = Debug|Any CPU
		{704AB1C2-44DA-4B0C-B96D-1F1A01487A47}.Pro|Any CPU.Build.0 = Debug|Any CPU
		{704AB1C2-44DA-4B0C-B96D-1F1A01487A47}.Release|Any CPU.ActiveCfg = Release|Any CPU
		{704AB1C2-44DA-4B0C-B96D-1F1A01487A47}.Release|Any CPU.Build.0 = Release|Any CPU
		{CAFD94F0-4466-4EBC-B79D-74FACC4EA654}.Debug|Any CPU.ActiveCfg = Debug|Any CPU
		{CAFD94F0-4466-4EBC-B79D-74FACC4EA654}.Debug|Any CPU.Build.0 = Debug|Any CPU
		{CAFD94F0-4466-4EBC-B79D-74FACC4EA654}.Pro|Any CPU.ActiveCfg = Debug|Any CPU
		{CAFD94F0-4466-4EBC-B79D-74FACC4EA654}.Pro|Any CPU.Build.0 = Debug|Any CPU
		{CAFD94F0-4466-4EBC-B79D-74FACC4EA654}.Release|Any CPU.ActiveCfg = Release|Any CPU
		{CAFD94F0-4466-4EBC-B79D-74FACC4EA654}.Release|Any CPU.Build.0 = Release|Any CPU
		{382512B0-8CD7-49E4-9130-04098178AFA1}.Debug|Any CPU.ActiveCfg = Debug|Any CPU
		{382512B0-8CD7-49E4-9130-04098178AFA1}.Debug|Any CPU.Build.0 = Debug|Any CPU
		{382512B0-8CD7-49E4-9130-04098178AFA1}.Pro|Any CPU.ActiveCfg = Debug|Any CPU
		{382512B0-8CD7-49E4-9130-04098178AFA1}.Pro|Any CPU.Build.0 = Debug|Any CPU
		{382512B0-8CD7-49E4-9130-04098178AFA1}.Release|Any CPU.ActiveCfg = Release|Any CPU
		{382512B0-8CD7-49E4-9130-04098178AFA1}.Release|Any CPU.Build.0 = Release|Any CPU
		{FF0A8B2D-E6DF-4CE3-A688-76B9F360F980}.Debug|Any CPU.ActiveCfg = Debug|Any CPU
		{FF0A8B2D-E6DF-4CE3-A688-76B9F360F980}.Debug|Any CPU.Build.0 = Debug|Any CPU
		{FF0A8B2D-E6DF-4CE3-A688-76B9F360F980}.Pro|Any CPU.ActiveCfg = Debug|Any CPU
		{FF0A8B2D-E6DF-4CE3-A688-76B9F360F980}.Pro|Any CPU.Build.0 = Debug|Any CPU
		{FF0A8B2D-E6DF-4CE3-A688-76B9F360F980}.Release|Any CPU.ActiveCfg = Release|Any CPU
		{FF0A8B2D-E6DF-4CE3-A688-76B9F360F980}.Release|Any CPU.Build.0 = Release|Any CPU
	EndGlobalSection
	GlobalSection(SolutionProperties) = preSolution
		HideSolutionNode = FALSE
	EndGlobalSection
	GlobalSection(NestedProjects) = preSolution
		{E855EDB9-F80C-4C85-9164-C588823DADE1} = {34BDD94A-24BC-4E08-8509-5D6657F4CDEA}
		{0163A58A-4E5F-4BA5-83D1-A0253424AED6} = {F71D5CCC-6811-43A9-8C92-245C7ACBFD3F}
		{5816A757-2DFD-48EF-80A8-88424B2EADCA} = {34BDD94A-24BC-4E08-8509-5D6657F4CDEA}
		{B299216D-39D5-41D8-A009-E39918748A94} = {F71D5CCC-6811-43A9-8C92-245C7ACBFD3F}
		{B66BC686-386B-4C97-9070-402151E4414A} = {E16D79AA-6B93-4634-90E6-3A445E6D2009}
		{C26C1234-5C33-41A8-91CB-1FF223BD3B03} = {34BDD94A-24BC-4E08-8509-5D6657F4CDEA}
		{0964DA15-D947-427D-AB07-4A63B8D9F527} = {34BDD94A-24BC-4E08-8509-5D6657F4CDEA}
		{CA4F351F-D8D6-4F8A-8FAA-9A0AD643B1AE} = {0E23F4E6-C4E6-44C6-9E5A-D1E0AE07FCFF}
		{56D87D0E-99D6-4437-BE2A-492F2D624D86} = {F69469CF-1532-4491-A797-E560166909EB}
		{11D92E82-A256-4656-A640-D719EEA23ACE} = {0E23F4E6-C4E6-44C6-9E5A-D1E0AE07FCFF}
		{DF96D5A4-C007-4C11-B1E1-43D36AFA4622} = {34BDD94A-24BC-4E08-8509-5D6657F4CDEA}
		{167D2A1A-F499-4074-AD0F-B30D9B70C55A} = {34BDD94A-24BC-4E08-8509-5D6657F4CDEA}
		{6FB26F88-AD6D-49D5-9FDE-49B017AA7ADA} = {950B5B4F-1658-45B0-B73E-75A64976CB39}
		{704AB1C2-44DA-4B0C-B96D-1F1A01487A47} = {6FB26F88-AD6D-49D5-9FDE-49B017AA7ADA}
		{CAFD94F0-4466-4EBC-B79D-74FACC4EA654} = {34BDD94A-24BC-4E08-8509-5D6657F4CDEA}
		{382512B0-8CD7-49E4-9130-04098178AFA1} = {34BDD94A-24BC-4E08-8509-5D6657F4CDEA}
		{FF0A8B2D-E6DF-4CE3-A688-76B9F360F980} = {34BDD94A-24BC-4E08-8509-5D6657F4CDEA}
	EndGlobalSection
	GlobalSection(ExtensibilityGlobals) = postSolution
		SolutionGuid = {3EF585C3-DEA7-4851-B5DF-5F1094F5F4F7}
	EndGlobalSection
	GlobalSection(Performance) = preSolution
		HasPerformanceSessions = true
	EndGlobalSection
	GlobalSection(Performance) = preSolution
		HasPerformanceSessions = true
	EndGlobalSection
EndGlobal
